github.com/smartinrub/accounts v0.2.1 h1:u+sG52MyjxbhayFa9yfMAU3DJdj8p5OkIjIOwy2BfvY=
github.com/smartinrub/accounts v0.2.1/go.mod h1:wO+J6T6BpzwBNh+xBf6td3ec6anDap5jepjqe3OpsvM=
github.com/smartinrub/accounts v0.3.0 h1:cPA0JQCEitRcU4y/e5xOh5BB4IpIuoEBxmcX0Fszit0=
github.com/smartinrub/accounts v0.3.0/go.mod h1:wO+J6T6BpzwBNh+xBf6td3ec6anDap5jepjqe3OpsvM=
github.com/smartinrub/accounts v0.3.1 h1:71c1VlfVLkMSzZrQfl+LbxkHEDoQ8gYh5onp2fepxWA=
github.com/smartinrub/accounts v0.3.1/go.mod h1:wO+J6T6BpzwBNh+xBf6td3ec6anDap5jepjqe3OpsvM=
github.com/smartinrub/accounts v0.3.3 h1:6Y9LL83l/b06nVxKPpAemgVDKTGdRX58ZOAwJz3i1Eg=
github.com/smartinrub/accounts v0.3.3/go.mod h1:wO+J6T6BpzwBNh+xBf6td3ec6anDap5jepjqe3OpsvM=
github.com/smartinrub/accounts v0.3.4 h1:a0ApoIwKFSq24HxHjMoWsLiFs0VHAFfnCr0kxVjKjbQ=
github.com/smartinrub/accounts v0.3.4/go.mod h1:wO+J6T6BpzwBNh+xBf6td3ec6anDap5jepjqe3OpsvM=
github.com/smartinrub/accounts v0.4.1 h1:RXVIBtCcoME4Ph3bbwAATAS8GWC/mSs9Dl/O9b6BSz4=
github.com/smartinrub/accounts v0.4.1/go.mod h1:wO+J6T6BpzwBNh+xBf6td3ec6anDap5jepjqe3OpsvM=
github.com/smartinrub/accounts v0.5.0 h1:oQ118ZAAOs/p2PreA2qdslvmg2SqKzU4uQEyoYu15pk=
github.com/smartinrub/accounts v0.5.0/go.mod h1:wO+J6T6BpzwBNh+xBf6td3ec6anDap5jepjqe3OpsvM=
github.com/smartinrub/accounts v0.5.1 h1:qV+0ef381PDlcvn8F+igVd0oLcwvyt596rkC8IcrGiM=
github.com/smartinrub/accounts v0.5.1/go.mod h1:wO+J6T6BpzwBNh+xBf6td3ec6anDap5jepjqe3OpsvM=
github.com/smartinrub/accounts v0.5.2 h1:YjzB+0qQ4QJDGAwzow+ju/C9dYc18grn3cGaOem6nSI=
github.com/smartinrub/accounts v0.5.2/go.mod h1:wO+J6T6BpzwBNh+xBf6td3ec6anDap5jepjqe3OpsvM=
github.com/smartinrub/accounts v0.5.3 h1:c30yvCi1dhYnE1WB2IPbuXsjaAqF40QXrHAbv2YpSTc=
github.com/smartinrub/accounts v0.5.3/go.mod h1:wO+J6T6BpzwBNh+xBf6td3ec6anDap5jepjqe3OpsvM=
github.com/smartinrub/accounts v0.5.4 h1:p/qwJnPyHq7kvIH9IMA8gCgAdUC/WgQUg10OQMZZ5Pc=
github.com/smartinrub/accounts v0.5.4/go.mod h1:wO+J6T6BpzwBNh+xBf6td3ec6anDap5jepjqe3OpsvM=
github.com/smartinrub/accounts v0.5.5 h1:QZlc8IbRl4aw4aXhmGSrFRP2s1RRRy6vbGO4iTf9YTA=
github.com/smartinrub/accounts v0.5.5/go.mod h1:wO+J6T6BpzwBNh+xBf6td3ec6anDap5jepjqe3OpsvM=
github.com/smartinrub/accounts v0.5.6 h1:HlsP0zXTcu+5lXwHEGI4R1MEvUUNoLRW7UWEeMwJ3Ag=
github.com/smartinrub/accounts v0.5.6/go.mod h1:wO+J6T6BpzwBNh+xBf6td3ec6anDap5jepjqe3OpsvM=
github.com/smartinrub/accounts v0.5.7 h1:r7VgXKnExvfyPnzL+kmBkZN56iwCPDR4yqCWX++Dnj0=
github.com/smartinrub/accounts v0.5.7/go.mod h1:wO+J6T6BpzwBNh+xBf6td3ec6anDap5jepjqe3OpsvM=
